PODS:
  - Flutter (1.0.0)
  - plugin_scan_code (1.0.1):
    - Flutter
    - ScanCode
  - ScanCode (1.0.7)

DEPENDENCIES:
  - Flutter (from `Flutter`)
  - plugin_scan_code (from `.symlinks/plugins/plugin_scan_code/ios`)

SPEC REPOS:
  trunk:
    - ScanCode

EXTERNAL SOURCES:
  Flutter:
    :path: Flutter
  plugin_scan_code:
    :path: ".symlinks/plugins/plugin_scan_code/ios"

SPEC CHECKSUMS:
  Flutter: 0e3d915762c693b495b44d77113d4970485de6ec
  plugin_scan_code: 88f95113fcbffd5e9c16dc1b3d9733fd087ede5b
  ScanCode: 127d74f2ce6be5e6dd80d46d995e60aadd1f79fc

PODFILE CHECKSUM: fe0e1ee7f3d1f7d00b11b474b62dd62134535aea

COCOAPODS: 1.10.0
